{
  "name": "twitter-signin-module",
  "version": "1.0.0",
  "lockfileVersion": 1,
  "requires": true,
  "dependencies": {
    "crypto-js": {
      "version": "3.1.9-1",
      "resolved": "https://registry.npmjs.org/crypto-js/-/crypto-js-3.1.9-1.tgz",
      "integrity": "sha1-/aGedh/Ad+Af+/3G6f38WeiAbNg="
    },
    "crypto.js": {
      "version": "1.2.0",
      "resolved": "https://registry.npmjs.org/crypto.js/-/crypto.js-1.2.0.tgz",
      "integrity": "sha512-tNSuL7ZJSMN7Iss/AHFA4YTnkCZfvWQihCwbm7tK4MESTjDOsnF5honnmFUZTTd3oIjztQ11xQlOf39VYsyzmg=="
    },
    "encodeurl": {
      "version": "1.0.2",
      "resolved": "https://registry.npmjs.org/encodeurl/-/encodeurl-1.0.2.tgz",
      "integrity": "sha1-rT/0yG7C0CkyL1oCw6mmBslbP1k="
    },
    "hmac_sha1": {
      "version": "0.1.1",
      "resolved": "https://registry.npmjs.org/hmac_sha1/-/hmac_sha1-0.1.1.tgz",
      "integrity": "sha512-YqoagHdgs/a3NvFg2Xh3g4LpvTJC2uvo3OuITP7KAsMa4HHwlUw+R9NDg6OSgw2BC3zUMjvZAUoJgGgK6EuJLw=="
    },
    "nonce": {
      "version": "1.0.4",
      "resolved": "https://registry.npmjs.org/nonce/-/nonce-1.0.4.tgz",
      "integrity": "sha1-7nMCrejBvvR28wG4yR9cxRpIdhI="
    },
    "nonce-str": {
      "version": "1.0.1",
      "resolved": "https://registry.npmjs.org/nonce-str/-/nonce-str-1.0.1.tgz",
      "integrity": "sha512-sYPsX6vHPJBM10Rd7oAR/nLdYhAHY1Py/oWEoYaua78dxRH8wm8Re19KOS6hixBciUlOgmdB5ICW7o7iHSXlIw=="
    }
  }
}
